{
  "version": 4,
  "terraform_version": "1.3.5",
  "serial": 11,
  "lineage": "9951526b-79dc-38d4-0370-b29d1cc9b18b",
  "outputs": {},
  "resources": [
    {
      "mode": "managed",
      "type": "docker_container",
      "name": "microservice",
      "provider": "provider[\"registry.terraform.io/kreuzwerker/docker\"]",
      "instances": [
        {
          "schema_version": 2,
          "attributes": {
            "attach": false,
            "bridge": "",
            "capabilities": [],
            "command": [
              "flask",
              "run",
              "--host=0.0.0.0"
            ],
            "container_logs": null,
            "container_read_refresh_timeout_milliseconds": 15000,
            "cpu_set": "",
            "cpu_shares": 0,
            "destroy_grace_seconds": null,
            "devices": [],
            "dns": null,
            "dns_opts": null,
            "dns_search": null,
            "domainname": "",
            "entrypoint": [],
            "env": [],
            "exit_code": null,
            "gateway": "172.18.0.1",
            "gpus": null,
            "group_add": null,
            "healthcheck": null,
            "host": [],
            "hostname": "199a9e85ab6e",
            "id": "199a9e85ab6ec559cab76deff31f1e5c62478d0dbbe04c1069bdeae95887b19e",
            "image": "sha256:938d8ddc736a6b00e41bb62c79af334d7bb3bc69678bc9a354bd842ba550e6b6",
            "init": false,
            "ip_address": "172.18.0.3",
            "ip_prefix_length": 16,
            "ipc_mode": "private",
            "labels": [],
            "links": null,
            "log_driver": "json-file",
            "log_opts": null,
            "logs": false,
            "max_retry_count": 0,
            "memory": 0,
            "memory_swap": 0,
            "mounts": [],
            "must_run": true,
            "name": "microservice-demo",
            "network_alias": null,
            "network_data": [
              {
                "gateway": "172.18.0.1",
                "global_ipv6_address": "",
                "global_ipv6_prefix_length": 0,
                "ip_address": "172.18.0.3",
                "ip_prefix_length": 16,
                "ipv6_gateway": "",
                "network_name": "bridge"
              }
            ],
            "network_mode": "default",
            "networks": null,
            "networks_advanced": [],
            "pid_mode": "",
            "ports": [
              {
                "external": 5000,
                "internal": 5000,
                "ip": "0.0.0.0",
                "protocol": "tcp"
              }
            ],
            "privileged": false,
            "publish_all_ports": false,
            "read_only": false,
            "remove_volumes": true,
            "restart": "no",
            "rm": false,
            "runtime": "runc",
            "security_opts": [],
            "shm_size": 64,
            "start": true,
            "stdin_open": false,
            "stop_signal": "",
            "stop_timeout": 0,
            "storage_opts": null,
            "sysctls": null,
            "tmpfs": null,
            "tty": false,
            "ulimit": [],
            "upload": [],
            "user": "",
            "userns_mode": "",
            "volumes": [],
            "wait": false,
            "wait_timeout": 60,
            "working_dir": "/usr/src/app"
          },
          "sensitive_attributes": [],
          "private": "eyJzY2hlbWFfdmVyc2lvbiI6IjIifQ==",
          "dependencies": [
            "docker_image.microservice"
          ]
        }
      ]
    },
    {
      "mode": "managed",
      "type": "docker_image",
      "name": "microservice",
      "provider": "provider[\"registry.terraform.io/kreuzwerker/docker\"]",
      "instances": [
        {
          "schema_version": 0,
          "attributes": {
            "build": [
              {
                "build_arg": null,
                "dockerfile": "Dockerfile",
                "force_remove": null,
                "label": null,
                "no_cache": null,
                "path": "../api-microservicio/.",
                "remove": true,
                "tag": [
                  "microservice:latest"
                ],
                "target": ""
              }
            ],
            "force_remove": null,
            "id": "sha256:938d8ddc736a6b00e41bb62c79af334d7bb3bc69678bc9a354bd842ba550e6b6microservice",
            "image_id": "sha256:938d8ddc736a6b00e41bb62c79af334d7bb3bc69678bc9a354bd842ba550e6b6",
            "keep_locally": null,
            "latest": "sha256:938d8ddc736a6b00e41bb62c79af334d7bb3bc69678bc9a354bd842ba550e6b6",
            "name": "microservice",
            "output": null,
            "pull_trigger": null,
            "pull_triggers": null,
            "repo_digest": "",
            "triggers": null
          },
          "sensitive_attributes": [],
          "private": "bnVsbA=="
        }
      ]
    }
  ],
  "check_results": null
}
